
Microsoft Visual Studio Solution File, Format Version 12.00
Project("{FAE04EC0-301F-11D3-BF4B-00C04F79EFBC}") = "SistemaDeBiblioteca", "SistemaDeBiblioteca\SistemaDeBiblioteca.csproj", "{F1DBD306-A5B8-4366-96FF-2EDF05CFA596}"
EndProject
Global
	GlobalSection(SolutionConfigurationPlatforms) = preSolution
		Debug|Any CPU = Debug|Any CPU
		Release|Any CPU = Release|Any CPU
	EndGlobalSection
	GlobalSection(ProjectConfigurationPlatforms) = postSolution
		{F1DBD306-A5B8-4366-96FF-2EDF05CFA596}.Debug|Any CPU.ActiveCfg = Debug|Any CPU
		{F1DBD306-A5B8-4366-96FF-2EDF05CFA596}.Debug|Any CPU.Build.0 = Debug|Any CPU
		{F1DBD306-A5B8-4366-96FF-2EDF05CFA596}.Release|Any CPU.ActiveCfg = Release|Any CPU
		{F1DBD306-A5B8-4366-96FF-2EDF05CFA596}.Release|Any CPU.Build.0 = Release|Any CPU
	EndGlobalSection
EndGlobal
